// !$*UTF8*$!
{
	archiveVersion = 1;
	classes = {
	};
	objectVersion = 50;
	objects = {

/* Begin PBXBuildFile section */
		2763A65722C50DA100C8596F /* AppDelegate.swift in Sources */ = {isa = PBXBuildFile; fileRef = 2763A65622C50DA100C8596F /* AppDelegate.swift */; };
		2763A65922C50DA100C8596F /* ImageListViewController.swift in Sources */ = {isa = PBXBuildFile; fileRef = 2763A65822C50DA100C8596F /* ImageListViewController.swift */; };
		2763A65E22C50DA200C8596F /* Assets.xcassets in Resources */ = {isa = PBXBuildFile; fileRef = 2763A65D22C50DA200C8596F /* Assets.xcassets */; };
		2763A66122C50DA200C8596F /* LaunchScreen.storyboard in Resources */ = {isa = PBXBuildFile; fileRef = 2763A65F22C50DA200C8596F /* LaunchScreen.storyboard */; };
		2763A66D22C50EEE00C8596F /* Constants.swift in Sources */ = {isa = PBXBuildFile; fileRef = 2763A66C22C50EEE00C8596F /* Constants.swift */; };
		2763A67222C5231D00C8596F /* PhotoCell.swift in Sources */ = {isa = PBXBuildFile; fileRef = 2763A67122C5231D00C8596F /* PhotoCell.swift */; };
		2763A67522C5266500C8596F /* UIView+Pin.swift in Sources */ = {isa = PBXBuildFile; fileRef = 2763A67422C5266500C8596F /* UIView+Pin.swift */; };
		2763A67722C52C1700C8596F /* ImageDetailViewController.swift in Sources */ = {isa = PBXBuildFile; fileRef = 2763A67622C52C1700C8596F /* ImageDetailViewController.swift */; };
		2763A67922C5310F00C8596F /* ImagesSizeAndDownloadModel.swift in Sources */ = {isa = PBXBuildFile; fileRef = 2763A67822C5310F00C8596F /* ImagesSizeAndDownloadModel.swift */; };
		2763A67B22C532F600C8596F /* Photo.swift in Sources */ = {isa = PBXBuildFile; fileRef = 2763A67A22C532F600C8596F /* Photo.swift */; };
		2763A67E22C5356E00C8596F /* NetworkManager.swift in Sources */ = {isa = PBXBuildFile; fileRef = 2763A67D22C5356E00C8596F /* NetworkManager.swift */; };
		2763A68022C54F4200C8596F /* ImageDownloader.swift in Sources */ = {isa = PBXBuildFile; fileRef = 2763A67F22C54F4200C8596F /* ImageDownloader.swift */; };
		2763A68222C5508600C8596F /* ImageSizeFetcher.swift in Sources */ = {isa = PBXBuildFile; fileRef = 2763A68122C5508600C8596F /* ImageSizeFetcher.swift */; };
		2763A68722C5E55E00C8596F /* Caching.swift in Sources */ = {isa = PBXBuildFile; fileRef = 2763A68622C5E55E00C8596F /* Caching.swift */; };
/* End PBXBuildFile section */

/* Begin PBXFileReference section */
		2763A65322C50DA100C8596F /* Flicker-Search-OperationQueue.app */ = {isa = PBXFileReference; explicitFileType = wrapper.application; includeInIndex = 0; path = "Flicker-Search-OperationQueue.app"; sourceTree = BUILT_PRODUCTS_DIR; };
		2763A65622C50DA100C8596F /* AppDelegate.swift */ = {isa = PBXFileReference; lastKnownFileType = sourcecode.swift; path = AppDelegate.swift; sourceTree = "<group>"; };
		2763A65822C50DA100C8596F /* ImageListViewController.swift */ = {isa = PBXFileReference; lastKnownFileType = sourcecode.swift; path = ImageListViewController.swift; sourceTree = "<group>"; };
		2763A65D22C50DA200C8596F /* Assets.xcassets */ = {isa = PBXFileReference; lastKnownFileType = folder.assetcatalog; path = Assets.xcassets; sourceTree = "<group>"; };
		2763A66022C50DA200C8596F /* Base */ = {isa = PBXFileReference; lastKnownFileType = file.storyboard; name = Base; path = Base.lproj/LaunchScreen.storyboard; sourceTree = "<group>"; };
		2763A66222C50DA200C8596F /* Info.plist */ = {isa = PBXFileReference; lastKnownFileType = text.plist.xml; path = Info.plist; sourceTree = "<group>"; };
		2763A66C22C50EEE00C8596F /* Constants.swift */ = {isa = PBXFileReference; lastKnownFileType = sourcecode.swift; path = Constants.swift; sourceTree = "<group>"; };
		2763A67122C5231D00C8596F /* PhotoCell.swift */ = {isa = PBXFileReference; lastKnownFileType = sourcecode.swift; path = PhotoCell.swift; sourceTree = "<group>"; };
		2763A67422C5266500C8596F /* UIView+Pin.swift */ = {isa = PBXFileReference; lastKnownFileType = sourcecode.swift; path = "UIView+Pin.swift"; sourceTree = "<group>"; };
		2763A67622C52C1700C8596F /* ImageDetailViewController.swift */ = {isa = PBXFileReference; lastKnownFileType = sourcecode.swift; path = ImageDetailViewController.swift; sourceTree = "<group>"; };
		2763A67822C5310F00C8596F /* ImagesSizeAndDownloadModel.swift */ = {isa = PBXFileReference; lastKnownFileType = sourcecode.swift; path = ImagesSizeAndDownloadModel.swift; sourceTree = "<group>"; };
		2763A67A22C532F600C8596F /* Photo.swift */ = {isa = PBXFileReference; lastKnownFileType = sourcecode.swift; path = Photo.swift; sourceTree = "<group>"; };
		2763A67D22C5356E00C8596F /* NetworkManager.swift */ = {isa = PBXFileReference; lastKnownFileType = sourcecode.swift; path = NetworkManager.swift; sourceTree = "<group>"; };
		2763A67F22C54F4200C8596F /* ImageDownloader.swift */ = {isa = PBXFileReference; lastKnownFileType = sourcecode.swift; path = ImageDownloader.swift; sourceTree = "<group>"; };
		2763A68122C5508600C8596F /* ImageSizeFetcher.swift */ = {isa = PBXFileReference; lastKnownFileType = sourcecode.swift; path = ImageSizeFetcher.swift; sourceTree = "<group>"; };
		2763A68622C5E55E00C8596F /* Caching.swift */ = {isa = PBXFileReference; lastKnownFileType = sourcecode.swift; path = Caching.swift; sourceTree = "<group>"; };
/* End PBXFileReference section */

/* Begin PBXFrameworksBuildPhase section */
		2763A65022C50DA100C8596F /* Frameworks */ = {
			isa = PBXFrameworksBuildPhase;
			buildActionMask = 2147483647;
			files = (
			);
			runOnlyForDeploymentPostprocessing = 0;
		};
/* End PBXFrameworksBuildPhase section */

/* Begin PBXGroup section */
		2763A64A22C50DA100C8596F = {
			isa = PBXGroup;
			children = (
				2763A65522C50DA100C8596F /* Flicker-Search-OperationQueue */,
				2763A65422C50DA100C8596F /* Products */,
			);
			sourceTree = "<group>";
		};
		2763A65422C50DA100C8596F /* Products */ = {
			isa = PBXGroup;
			children = (
				2763A65322C50DA100C8596F /* Flicker-Search-OperationQueue.app */,
			);
			name = Products;
			sourceTree = "<group>";
		};
		2763A65522C50DA100C8596F /* Flicker-Search-OperationQueue */ = {
			isa = PBXGroup;
			children = (
				2763A68322C5E09C00C8596F /* Caching */,
				2763A67C22C5355700C8596F /* Network */,
				2763A67322C5263E00C8596F /* Extensions */,
				2763A66F22C5131700C8596F /* Views */,
				2763A66E22C5131100C8596F /* Models */,
				2763A66B22C50EBD00C8596F /* Constants */,
				2763A66822C50DC200C8596F /* App Delegate */,
				2763A66A22C50DF200C8596F /* View Controllers */,
				2763A65D22C50DA200C8596F /* Assets.xcassets */,
				2763A66922C50DCE00C8596F /* Supporting Files */,
			);
			path = "Flicker-Search-OperationQueue";
			sourceTree = "<group>";
		};
		2763A66822C50DC200C8596F /* App Delegate */ = {
			isa = PBXGroup;
			children = (
				2763A65622C50DA100C8596F /* AppDelegate.swift */,
			);
			path = "App Delegate";
			sourceTree = "<group>";
		};
		2763A66922C50DCE00C8596F /* Supporting Files */ = {
			isa = PBXGroup;
			children = (
				2763A65F22C50DA200C8596F /* LaunchScreen.storyboard */,
				2763A66222C50DA200C8596F /* Info.plist */,
			);
			path = "Supporting Files";
			sourceTree = "<group>";
		};
		2763A66A22C50DF200C8596F /* View Controllers */ = {
			isa = PBXGroup;
			children = (
				2763A65822C50DA100C8596F /* ImageListViewController.swift */,
				2763A67622C52C1700C8596F /* ImageDetailViewController.swift */,
			);
			path = "View Controllers";
			sourceTree = "<group>";
		};
		2763A66B22C50EBD00C8596F /* Constants */ = {
			isa = PBXGroup;
			children = (
				2763A66C22C50EEE00C8596F /* Constants.swift */,
			);
			path = Constants;
			sourceTree = "<group>";
		};
		2763A66E22C5131100C8596F /* Models */ = {
			isa = PBXGroup;
			children = (
				2763A67A22C532F600C8596F /* Photo.swift */,
				2763A67F22C54F4200C8596F /* ImageDownloader.swift */,
				2763A68122C5508600C8596F /* ImageSizeFetcher.swift */,
				2763A67822C5310F00C8596F /* ImagesSizeAndDownloadModel.swift */,
			);
			path = Models;
			sourceTree = "<group>";
		};
		2763A66F22C5131700C8596F /* Views */ = {
			isa = PBXGroup;
			children = (
				2763A67022C5230600C8596F /* Collection Cells */,
			);
			path = Views;
			sourceTree = "<group>";
		};
		2763A67022C5230600C8596F /* Collection Cells */ = {
			isa = PBXGroup;
			children = (
				2763A67122C5231D00C8596F /* PhotoCell.swift */,
			);
			path = "Collection Cells";
			sourceTree = "<group>";
		};
		2763A67322C5263E00C8596F /* Extensions */ = {
			isa = PBXGroup;
			children = (
				2763A67422C5266500C8596F /* UIView+Pin.swift */,
			);
			path = Extensions;
			sourceTree = "<group>";
		};
		2763A67C22C5355700C8596F /* Network */ = {
			isa = PBXGroup;
			children = (
				2763A67D22C5356E00C8596F /* NetworkManager.swift */,
			);
			path = Network;
			sourceTree = "<group>";
		};
		2763A68322C5E09C00C8596F /* Caching */ = {
			isa = PBXGroup;
			children = (
				2763A68622C5E55E00C8596F /* Caching.swift */,
			);
			path = Caching;
			sourceTree = "<group>";
		};
/* End PBXGroup section */

/* Begin PBXNativeTarget section */
		2763A65222C50DA100C8596F /* Flicker-Search-OperationQueue */ = {
			isa = PBXNativeTarget;
			buildConfigurationList = 2763A66522C50DA200C8596F /* Build configuration list for PBXNativeTarget "Flicker-Search-OperationQueue" */;
			buildPhases = (
				2763A64F22C50DA100C8596F /* Sources */,
				2763A65022C50DA100C8596F /* Frameworks */,
				2763A65122C50DA100C8596F /* Resources */,
			);
			buildRules = (
			);
			dependencies = (
			);
			name = "Flicker-Search-OperationQueue";
			productName = wooqer;
			productReference = 2763A65322C50DA100C8596F /* Flicker-Search-OperationQueue.app */;
			productType = "com.apple.product-type.application";
		};
/* End PBXNativeTarget section */

/* Begin PBXProject section */
		2763A64B22C50DA100C8596F /* Project object */ = {
			isa = PBXProject;
			attributes = {
				LastSwiftUpdateCheck = 1020;
				LastUpgradeCheck = 1020;
				ORGANIZATIONNAME = "Vishnu Agarwal";
				TargetAttributes = {
					2763A65222C50DA100C8596F = {
						CreatedOnToolsVersion = 10.2.1;
					};
				};
			};
			buildConfigurationList = 2763A64E22C50DA100C8596F /* Build configuration list for PBXProject "Flicker-Search-OperationQueue" */;
			compatibilityVersion = "Xcode 9.3";
			developmentRegion = en;
			hasScannedForEncodings = 0;
			knownRegions = (
				en,
				Base,
			);
			mainGroup = 2763A64A22C50DA100C8596F;
			productRefGroup = 2763A65422C50DA100C8596F /* Products */;
			projectDirPath = "";
			projectRoot = "";
			targets = (
				2763A65222C50DA100C8596F /* Flicker-Search-OperationQueue */,
			);
		};
/* End PBXProject section */

/* Begin PBXResourcesBuildPhase section */
		2763A65122C50DA100C8596F /* Resources */ = {
			isa = PBXResourcesBuildPhase;
			buildActionMask = 2147483647;
			files = (
				2763A66122C50DA200C8596F /* LaunchScreen.storyboard in Resources */,
				2763A65E22C50DA200C8596F /* Assets.xcassets in Resources */,
			);
			runOnlyForDeploymentPostprocessing = 0;
		};
/* End PBXResourcesBuildPhase section */

/* Begin PBXSourcesBuildPhase section */
		2763A64F22C50DA100C8596F /* Sources */ = {
			isa = PBXSourcesBuildPhase;
			buildActionMask = 2147483647;
			files = (
				2763A67E22C5356E00C8596F /* NetworkManager.swift in Sources */,
				2763A67522C5266500C8596F /* UIView+Pin.swift in Sources */,
				2763A67B22C532F600C8596F /* Photo.swift in Sources */,
				2763A67722C52C1700C8596F /* ImageDetailViewController.swift in Sources */,
				2763A67922C5310F00C8596F /* ImagesSizeAndDownloadModel.swift in Sources */,
				2763A65922C50DA100C8596F /* ImageListViewController.swift in Sources */,
				2763A68022C54F4200C8596F /* ImageDownloader.swift in Sources */,
				2763A67222C5231D00C8596F /* PhotoCell.swift in Sources */,
				2763A65722C50DA100C8596F /* AppDelegate.swift in Sources */,
				2763A68722C5E55E00C8596F /* Caching.swift in Sources */,
				2763A66D22C50EEE00C8596F /* Constants.swift in Sources */,
				2763A68222C5508600C8596F /* ImageSizeFetcher.swift in Sources */,
			);
			runOnlyForDeploymentPostprocessing = 0;
		};
/* End PBXSourcesBuildPhase section */

/* Begin PBXVariantGroup section */
		2763A65F22C50DA200C8596F /* LaunchScreen.storyboard */ = {
			isa = PBXVariantGroup;
			children = (
				2763A66022C50DA200C8596F /* Base */,
			);
			name = LaunchScreen.storyboard;
			sourceTree = "<group>";
		};
/* End PBXVariantGroup section */

/* Begin XCBuildConfiguration section */
		2763A66322C50DA200C8596F /* Debug */ = {
			isa = XCBuildConfiguration;
			buildSettings = {
				ALWAYS_SEARCH_USER_PATHS = NO;
				CLANG_ANALYZER_NONNULL = YES;
				CLANG_ANALYZER_NUMBER_OBJECT_CONVERSION = YES_AGGRESSIVE;
				CLANG_CXX_LANGUAGE_STANDARD = "gnu++14";
				CLANG_CXX_LIBRARY = "libc++";
				CLANG_ENABLE_MODULES = YES;
				CLANG_ENABLE_OBJC_ARC = YES;
				CLANG_ENABLE_OBJC_WEAK = YES;
				CLANG_WARN_BLOCK_CAPTURE_AUTORELEASING = YES;
				CLANG_WARN_BOOL_CONVERSION = YES;
				CLANG_WARN_COMMA = YES;
				CLANG_WARN_CONSTANT_CONVERSION = YES;
				CLANG_WARN_DEPRECATED_OBJC_IMPLEMENTATIONS = YES;
				CLANG_WARN_DIRECT_OBJC_ISA_USAGE = YES_ERROR;
				CLANG_WARN_DOCUMENTATION_COMMENTS = YES;
				CLANG_WARN_EMPTY_BODY = YES;
				CLANG_WARN_ENUM_CONVERSION = YES;
				CLANG_WARN_INFINITE_RECURSION = YES;
				CLANG_WARN_INT_CONVERSION = YES;
				CLANG_WARN_NON_LITERAL_NULL_CONVERSION = YES;
				CLANG_WARN_OBJC_IMPLICIT_RETAIN_SELF = YES;
				CLANG_WARN_OBJC_LITERAL_CONVERSION = YES;
				CLANG_WARN_OBJC_ROOT_CLASS = YES_ERROR;
				CLANG_WARN_RANGE_LOOP_ANALYSIS = YES;
				CLANG_WARN_STRICT_PROTOTYPES = YES;
				CLANG_WARN_SUSPICIOUS_MOVE = YES;
				CLANG_WARN_UNGUARDED_AVAILABILITY = YES_AGGRESSIVE;
				CLANG_WARN_UNREACHABLE_CODE = YES;
				CLANG_WARN__DUPLICATE_METHOD_MATCH = YES;
				CODE_SIGN_IDENTITY = "iPhone Developer";
				COPY_PHASE_STRIP = NO;
				DEBUG_INFORMATION_FORMAT = dwarf;
				ENABLE_STRICT_OBJC_MSGSEND = YES;
				ENABLE_TESTABILITY = YES;
				GCC_C_LANGUAGE_STANDARD = gnu11;
				GCC_DYNAMIC_NO_PIC = NO;
				GCC_NO_COMMON_BLOCKS = YES;
				GCC_OPTIMIZATION_LEVEL = 0;
				GCC_PREPROCESSOR_DEFINITIONS = (
					"DEBUG=1",
					"$(inherited)",
				);
				GCC_WARN_64_TO_32_BIT_CONVERSION = YES;
				GCC_WARN_ABOUT_RETURN_TYPE = YES_ERROR;
				GCC_WARN_UNDECLARED_SELECTOR = YES;
				GCC_WARN_UNINITIALIZED_AUTOS = YES_AGGRESSIVE;
				GCC_WARN_UNUSED_FUNCTION = YES;
				GCC_WARN_UNUSED_VARIABLE = YES;
				IPHONEOS_DEPLOYMENT_TARGET = 12.2;
				MTL_ENABLE_DEBUG_INFO = INCLUDE_SOURCE;
				MTL_FAST_MATH = YES;
				ONLY_ACTIVE_ARCH = YES;
				SDKROOT = iphoneos;
				SWIFT_ACTIVE_COMPILATION_CONDITIONS = DEBUG;
				SWIFT_OPTIMIZATION_LEVEL = "-Onone";
			};
			name = Debug;
		};
		2763A66422C50DA200C8596F /* Release */ = {
			isa = XCBuildConfiguration;
			buildSettings = {
				ALWAYS_SEARCH_USER_PATHS = NO;
				CLANG_ANALYZER_NONNULL = YES;
				CLANG_ANALYZER_NUMBER_OBJECT_CONVERSION = YES_AGGRESSIVE;
				CLANG_CXX_LANGUAGE_STANDARD = "gnu++14";
				CLANG_CXX_LIBRARY = "libc++";
				CLANG_ENABLE_MODULES = YES;
				CLANG_ENABLE_OBJC_ARC = YES;
				CLANG_ENABLE_OBJC_WEAK = YES;
				CLANG_WARN_BLOCK_CAPTURE_AUTORELEASING = YES;
				CLANG_WARN_BOOL_CONVERSION = YES;
				CLANG_WARN_COMMA = YES;
				CLANG_WARN_CONSTANT_CONVERSION = YES;
				CLANG_WARN_DEPRECATED_OBJC_IMPLEMENTATIONS = YES;
				CLANG_WARN_DIRECT_OBJC_ISA_USAGE = YES_ERROR;
				CLANG_WARN_DOCUMENTATION_COMMENTS = YES;
				CLANG_WARN_EMPTY_BODY = YES;
				CLANG_WARN_ENUM_CONVERSION = YES;
				CLANG_WARN_INFINITE_RECURSION = YES;
				CLANG_WARN_INT_CONVERSION = YES;
				CLANG_WARN_NON_LITERAL_NULL_CONVERSION = YES;
				CLANG_WARN_OBJC_IMPLICIT_RETAIN_SELF = YES;
				CLANG_WARN_OBJC_LITERAL_CONVERSION = YES;
				CLANG_WARN_OBJC_ROOT_CLASS = YES_ERROR;
				CLANG_WARN_RANGE_LOOP_ANALYSIS = YES;
				CLANG_WARN_STRICT_PROTOTYPES = YES;
				CLANG_WARN_SUSPICIOUS_MOVE = YES;
				CLANG_WARN_UNGUARDED_AVAILABILITY = YES_AGGRESSIVE;
				CLANG_WARN_UNREACHABLE_CODE = YES;
				CLANG_WARN__DUPLICATE_METHOD_MATCH = YES;
				CODE_SIGN_IDENTITY = "iPhone Developer";
				COPY_PHASE_STRIP = NO;
				DEBUG_INFORMATION_FORMAT = "dwarf-with-dsym";
				ENABLE_NS_ASSERTIONS = NO;
				ENABLE_STRICT_OBJC_MSGSEND = YES;
				GCC_C_LANGUAGE_STANDARD = gnu11;
				GCC_NO_COMMON_BLOCKS = YES;
				GCC_WARN_64_TO_32_BIT_CONVERSION = YES;
				GCC_WARN_ABOUT_RETURN_TYPE = YES_ERROR;
				GCC_WARN_UNDECLARED_SELECTOR = YES;
				GCC_WARN_UNINITIALIZED_AUTOS = YES_AGGRESSIVE;
				GCC_WARN_UNUSED_FUNCTION = YES;
				GCC_WARN_UNUSED_VARIABLE = YES;
				IPHONEOS_DEPLOYMENT_TARGET = 12.2;
				MTL_ENABLE_DEBUG_INFO = NO;
				MTL_FAST_MATH = YES;
				SDKROOT = iphoneos;
				SWIFT_COMPILATION_MODE = wholemodule;
				SWIFT_OPTIMIZATION_LEVEL = "-O";
				VALIDATE_PRODUCT = YES;
			};
			name = Release;
		};
		2763A66622C50DA200C8596F /* Debug */ = {
			isa = XCBuildConfiguration;
			buildSettings = {
				ASSETCATALOG_COMPILER_APPICON_NAME = AppIcon;
				CODE_SIGN_STYLE = Automatic;
				DEVELOPMENT_TEAM = C668XQH46X;
				INFOPLIST_FILE = "Flicker-Search-OperationQueue/Supporting Files/Info.plist";
				LD_RUNPATH_SEARCH_PATHS = (
					"$(inherited)",
					"@executable_path/Frameworks",
				);
				PRODUCT_BUNDLE_IDENTIFIER = com.vishnu.Flicker;
				PRODUCT_NAME = "$(TARGET_NAME)";
				SWIFT_VERSION = 5.0;
				TARGETED_DEVICE_FAMILY = 1;
			};
			name = Debug;
		};
		2763A66722C50DA200C8596F /* Release */ = {
			isa = XCBuildConfiguration;
			buildSettings = {
				ASSETCATALOG_COMPILER_APPICON_NAME = AppIcon;
				CODE_SIGN_STYLE = Automatic;
				DEVELOPMENT_TEAM = C668XQH46X;
				INFOPLIST_FILE = "Flicker-Search-OperationQueue/Supporting Files/Info.plist";
				LD_RUNPATH_SEARCH_PATHS = (
					"$(inherited)",
					"@executable_path/Frameworks",
				);
				PRODUCT_BUNDLE_IDENTIFIER = com.vishnu.Flicker;
				PRODUCT_NAME = "$(TARGET_NAME)";
				SWIFT_VERSION = 5.0;
				TARGETED_DEVICE_FAMILY = 1;
			};
			name = Release;
		};
/* End XCBuildConfiguration section */

/* Begin XCConfigurationList section */
		2763A64E22C50DA100C8596F /* Build configuration list for PBXProject "Flicker-Search-OperationQueue" */ = {
			isa = XCConfigurationList;
			buildConfigurations = (
				2763A66322C50DA200C8596F /* Debug */,
				2763A66422C50DA200C8596F /* Release */,
			);
			defaultConfigurationIsVisible = 0;
			defaultConfigurationName = Release;
		};
		2763A66522C50DA200C8596F /* Build configuration list for PBXNativeTarget "Flicker-Search-OperationQueue" */ = {
			isa = XCConfigurationList;
			buildConfigurations = (
				2763A66622C50DA200C8596F /* Debug */,
				2763A66722C50DA200C8596F /* Release */,
			);
			defaultConfigurationIsVisible = 0;
			defaultConfigurationName = Release;
		};
/* End XCConfigurationList section */
	};
	rootObject = 2763A64B22C50DA100C8596F /* Project object */;
}
